// !$*UTF8*$!
{
	archiveVersion = 1;
	classes = {
	};
	objectVersion = 55;
	objects = {

/* Begin PBXBuildFile section */
		6C131486291FE2FE00615298 /* AppDelegate.swift in Sources */ = {isa = PBXBuildFile; fileRef = 6C131485291FE2FE00615298 /* AppDelegate.swift */; };
		6C131488291FE2FE00615298 /* SceneDelegate.swift in Sources */ = {isa = PBXBuildFile; fileRef = 6C131487291FE2FE00615298 /* SceneDelegate.swift */; };
		6C13148A291FE2FE00615298 /* MoviesViewController.swift in Sources */ = {isa = PBXBuildFile; fileRef = 6C131489291FE2FE00615298 /* MoviesViewController.swift */; };
		6C13148D291FE2FE00615298 /* Main.storyboard in Resources */ = {isa = PBXBuildFile; fileRef = 6C13148B291FE2FE00615298 /* Main.storyboard */; };
		6C13148F291FE30000615298 /* Assets.xcassets in Resources */ = {isa = PBXBuildFile; fileRef = 6C13148E291FE30000615298 /* Assets.xcassets */; };
		6C131492291FE30000615298 /* LaunchScreen.storyboard in Resources */ = {isa = PBXBuildFile; fileRef = 6C131490291FE30000615298 /* LaunchScreen.storyboard */; };
		6C13149A291FE40A00615298 /* DetailViewController.swift in Sources */ = {isa = PBXBuildFile; fileRef = 6C131499291FE40A00615298 /* DetailViewController.swift */; };
		6C13149C291FE48500615298 /* Movie.swift in Sources */ = {isa = PBXBuildFile; fileRef = 6C13149B291FE48500615298 /* Movie.swift */; };
		6C13149E291FE50900615298 /* MovieCell.swift in Sources */ = {isa = PBXBuildFile; fileRef = 6C13149D291FE50900615298 /* MovieCell.swift */; };
		6C220E302921433600C0545F /* ManagerMovies.swift in Sources */ = {isa = PBXBuildFile; fileRef = 6C220E2F2921433500C0545F /* ManagerMovies.swift */; };
		6C220E322921439800C0545F /* PopularMovie.swift in Sources */ = {isa = PBXBuildFile; fileRef = 6C220E312921439800C0545F /* PopularMovie.swift */; };
		6C220E342921491A00C0545F /* Constants.swift in Sources */ = {isa = PBXBuildFile; fileRef = 6C220E332921491A00C0545F /* Constants.swift */; };
		6C220E36292154B000C0545F /* UrlTrailer.swift in Sources */ = {isa = PBXBuildFile; fileRef = 6C220E35292154B000C0545F /* UrlTrailer.swift */; };
		6C220E3829215F6B00C0545F /* UIView+Extension.swift in Sources */ = {isa = PBXBuildFile; fileRef = 6C220E3729215F6B00C0545F /* UIView+Extension.swift */; };
		6C220E3B2921608C00C0545F /* UIButton+Extension.swift in Sources */ = {isa = PBXBuildFile; fileRef = 6C220E3A2921608C00C0545F /* UIButton+Extension.swift */; };
		6C220E3D2921659D00C0545F /* VideoTrailerViewController.swift in Sources */ = {isa = PBXBuildFile; fileRef = 6C220E3C2921659D00C0545F /* VideoTrailerViewController.swift */; };
		6CA89DEB29243AE700489F09 /* PersonajesViewController.swift in Sources */ = {isa = PBXBuildFile; fileRef = 6CA89DEA29243AE700489F09 /* PersonajesViewController.swift */; };
		6CA89DED29243BF300489F09 /* ManagerRM.swift in Sources */ = {isa = PBXBuildFile; fileRef = 6CA89DEC29243BF300489F09 /* ManagerRM.swift */; };
		6CA89DEF29243C9A00489F09 /* Character.swift in Sources */ = {isa = PBXBuildFile; fileRef = 6CA89DEE29243C9A00489F09 /* Character.swift */; };
		6CA89DF129244D3500489F09 /* CharacterCell.swift in Sources */ = {isa = PBXBuildFile; fileRef = 6CA89DF029244D3500489F09 /* CharacterCell.swift */; };
		6CA89DF52924558E00489F09 /* DetailRMViewController.swift in Sources */ = {isa = PBXBuildFile; fileRef = 6CA89DF42924558E00489F09 /* DetailRMViewController.swift */; };
		BAE3D14951AC4A83FE4651E5 /* Pods_CollectionViewMovieDemo.framework in Frameworks */ = {isa = PBXBuildFile; fileRef = A17DA2267EF5CA66EDEE932B /* Pods_CollectionViewMovieDemo.framework */; };
/* End PBXBuildFile section */

/* Begin PBXFileReference section */
		6C131482291FE2FE00615298 /* CollectionViewMovieDemo.app */ = {isa = PBXFileReference; explicitFileType = wrapper.application; includeInIndex = 0; path = CollectionViewMovieDemo.app; sourceTree = BUILT_PRODUCTS_DIR; };
		6C131485291FE2FE00615298 /* AppDelegate.swift */ = {isa = PBXFileReference; lastKnownFileType = sourcecode.swift; path = AppDelegate.swift; sourceTree = "<group>"; };
		6C131487291FE2FE00615298 /* SceneDelegate.swift */ = {isa = PBXFileReference; lastKnownFileType = sourcecode.swift; path = SceneDelegate.swift; sourceTree = "<group>"; };
		6C131489291FE2FE00615298 /* MoviesViewController.swift */ = {isa = PBXFileReference; lastKnownFileType = sourcecode.swift; path = MoviesViewController.swift; sourceTree = "<group>"; };
		6C13148C291FE2FE00615298 /* Base */ = {isa = PBXFileReference; lastKnownFileType = file.storyboard; name = Base; path = Base.lproj/Main.storyboard; sourceTree = "<group>"; };
		6C13148E291FE30000615298 /* Assets.xcassets */ = {isa = PBXFileReference; lastKnownFileType = folder.assetcatalog; path = Assets.xcassets; sourceTree = "<group>"; };
		6C131491291FE30000615298 /* Base */ = {isa = PBXFileReference; lastKnownFileType = file.storyboard; name = Base; path = Base.lproj/LaunchScreen.storyboard; sourceTree = "<group>"; };
		6C131493291FE30000615298 /* Info.plist */ = {isa = PBXFileReference; lastKnownFileType = text.plist.xml; path = Info.plist; sourceTree = "<group>"; };
		6C131499291FE40A00615298 /* DetailViewController.swift */ = {isa = PBXFileReference; lastKnownFileType = sourcecode.swift; path = DetailViewController.swift; sourceTree = "<group>"; };
		6C13149B291FE48500615298 /* Movie.swift */ = {isa = PBXFileReference; fileEncoding = 4; lastKnownFileType = sourcecode.swift; path = Movie.swift; sourceTree = "<group>"; };
		6C13149D291FE50900615298 /* MovieCell.swift */ = {isa = PBXFileReference; lastKnownFileType = sourcecode.swift; path = MovieCell.swift; sourceTree = "<group>"; };
		6C220E2F2921433500C0545F /* ManagerMovies.swift */ = {isa = PBXFileReference; lastKnownFileType = sourcecode.swift; path = ManagerMovies.swift; sourceTree = "<group>"; };
		6C220E312921439800C0545F /* PopularMovie.swift */ = {isa = PBXFileReference; lastKnownFileType = sourcecode.swift; path = PopularMovie.swift; sourceTree = "<group>"; };
		6C220E332921491A00C0545F /* Constants.swift */ = {isa = PBXFileReference; lastKnownFileType = sourcecode.swift; path = Constants.swift; sourceTree = "<group>"; };
		6C220E35292154B000C0545F /* UrlTrailer.swift */ = {isa = PBXFileReference; lastKnownFileType = sourcecode.swift; path = UrlTrailer.swift; sourceTree = "<group>"; };
		6C220E3729215F6B00C0545F /* UIView+Extension.swift */ = {isa = PBXFileReference; lastKnownFileType = sourcecode.swift; path = "UIView+Extension.swift"; sourceTree = "<group>"; };
		6C220E3A2921608C00C0545F /* UIButton+Extension.swift */ = {isa = PBXFileReference; lastKnownFileType = sourcecode.swift; path = "UIButton+Extension.swift"; sourceTree = "<group>"; };
		6C220E3C2921659D00C0545F /* VideoTrailerViewController.swift */ = {isa = PBXFileReference; lastKnownFileType = sourcecode.swift; path = VideoTrailerViewController.swift; sourceTree = "<group>"; };
		6CA89DEA29243AE700489F09 /* PersonajesViewController.swift */ = {isa = PBXFileReference; lastKnownFileType = sourcecode.swift; path = PersonajesViewController.swift; sourceTree = "<group>"; };
		6CA89DEC29243BF300489F09 /* ManagerRM.swift */ = {isa = PBXFileReference; lastKnownFileType = sourcecode.swift; path = ManagerRM.swift; sourceTree = "<group>"; };
		6CA89DEE29243C9A00489F09 /* Character.swift */ = {isa = PBXFileReference; lastKnownFileType = sourcecode.swift; path = Character.swift; sourceTree = "<group>"; };
		6CA89DF029244D3500489F09 /* CharacterCell.swift */ = {isa = PBXFileReference; lastKnownFileType = sourcecode.swift; path = CharacterCell.swift; sourceTree = "<group>"; };
		6CA89DF42924558E00489F09 /* DetailRMViewController.swift */ = {isa = PBXFileReference; lastKnownFileType = sourcecode.swift; path = DetailRMViewController.swift; sourceTree = "<group>"; };
		81944E4E30047040E18C01C7 /* Pods-CollectionViewMovieDemo.debug.xcconfig */ = {isa = PBXFileReference; includeInIndex = 1; lastKnownFileType = text.xcconfig; name = "Pods-CollectionViewMovieDemo.debug.xcconfig"; path = "Target Support Files/Pods-CollectionViewMovieDemo/Pods-CollectionViewMovieDemo.debug.xcconfig"; sourceTree = "<group>"; };
		828793058E16619FA418415A /* Pods-CollectionViewMovieDemo.release.xcconfig */ = {isa = PBXFileReference; includeInIndex = 1; lastKnownFileType = text.xcconfig; name = "Pods-CollectionViewMovieDemo.release.xcconfig"; path = "Target Support Files/Pods-CollectionViewMovieDemo/Pods-CollectionViewMovieDemo.release.xcconfig"; sourceTree = "<group>"; };
		A17DA2267EF5CA66EDEE932B /* Pods_CollectionViewMovieDemo.framework */ = {isa = PBXFileReference; explicitFileType = wrapper.framework; includeInIndex = 0; path = Pods_CollectionViewMovieDemo.framework; sourceTree = BUILT_PRODUCTS_DIR; };
/* End PBXFileReference section */

/* Begin PBXFrameworksBuildPhase section */
		6C13147F291FE2FE00615298 /* Frameworks */ = {
			isa = PBXFrameworksBuildPhase;
			buildActionMask = 2147483647;
			files = (
				BAE3D14951AC4A83FE4651E5 /* Pods_CollectionViewMovieDemo.framework in Frameworks */,
			);
			runOnlyForDeploymentPostprocessing = 0;
		};
/* End PBXFrameworksBuildPhase section */

/* Begin PBXGroup section */
		38660B3FE7B2927E2288F291 /* Frameworks */ = {
			isa = PBXGroup;
			children = (
				A17DA2267EF5CA66EDEE932B /* Pods_CollectionViewMovieDemo.framework */,
			);
			name = Frameworks;
			sourceTree = "<group>";
		};
		59D35F0C1406786DFFCF05F3 /* Pods */ = {
			isa = PBXGroup;
			children = (
				81944E4E30047040E18C01C7 /* Pods-CollectionViewMovieDemo.debug.xcconfig */,
				828793058E16619FA418415A /* Pods-CollectionViewMovieDemo.release.xcconfig */,
			);
			path = Pods;
			sourceTree = "<group>";
		};
		6C131479291FE2FE00615298 = {
			isa = PBXGroup;
			children = (
				6C131484291FE2FE00615298 /* CollectionViewMovieDemo */,
				6C131483291FE2FE00615298 /* Products */,
				59D35F0C1406786DFFCF05F3 /* Pods */,
				38660B3FE7B2927E2288F291 /* Frameworks */,
			);
			sourceTree = "<group>";
		};
		6C131483291FE2FE00615298 /* Products */ = {
			isa = PBXGroup;
			children = (
				6C131482291FE2FE00615298 /* CollectionViewMovieDemo.app */,
			);
			name = Products;
			sourceTree = "<group>";
		};
		6C131484291FE2FE00615298 /* CollectionViewMovieDemo */ = {
			isa = PBXGroup;
			children = (
				6CA89DE929243AD600489F09 /* RickMorty */,
				6C131485291FE2FE00615298 /* AppDelegate.swift */,
				6C131487291FE2FE00615298 /* SceneDelegate.swift */,
				6C131489291FE2FE00615298 /* MoviesViewController.swift */,
				6C13148B291FE2FE00615298 /* Main.storyboard */,
				6C13149B291FE48500615298 /* Movie.swift */,
				6C13148E291FE30000615298 /* Assets.xcassets */,
				6C131490291FE30000615298 /* LaunchScreen.storyboard */,
				6C131493291FE30000615298 /* Info.plist */,
				6C131499291FE40A00615298 /* DetailViewController.swift */,
				6C13149D291FE50900615298 /* MovieCell.swift */,
				6C220E2F2921433500C0545F /* ManagerMovies.swift */,
				6C220E312921439800C0545F /* PopularMovie.swift */,
				6C220E332921491A00C0545F /* Constants.swift */,
				6C220E35292154B000C0545F /* UrlTrailer.swift */,
				6C220E392921607C00C0545F /* Extensions */,
				6C220E3C2921659D00C0545F /* VideoTrailerViewController.swift */,
			);
			path = CollectionViewMovieDemo;
			sourceTree = "<group>";
		};
		6C220E392921607C00C0545F /* Extensions */ = {
			isa = PBXGroup;
			children = (
				6C220E3729215F6B00C0545F /* UIView+Extension.swift */,
				6C220E3A2921608C00C0545F /* UIButton+Extension.swift */,
			);
			path = Extensions;
			sourceTree = "<group>";
		};
		6CA89DE929243AD600489F09 /* RickMorty */ = {
			isa = PBXGroup;
			children = (
				6CA89DEA29243AE700489F09 /* PersonajesViewController.swift */,
				6CA89DEC29243BF300489F09 /* ManagerRM.swift */,
				6CA89DEE29243C9A00489F09 /* Character.swift */,
				6CA89DF029244D3500489F09 /* CharacterCell.swift */,
				6CA89DF42924558E00489F09 /* DetailRMViewController.swift */,
			);
			path = RickMorty;
			sourceTree = "<group>";
		};
/* End PBXGroup section */

/* Begin PBXNativeTarget section */
		6C131481291FE2FE00615298 /* CollectionViewMovieDemo */ = {
			isa = PBXNativeTarget;
			buildConfigurationList = 6C131496291FE30000615298 /* Build configuration list for PBXNativeTarget "CollectionViewMovieDemo" */;
			buildPhases = (
				BEB38CDE660895ABC68E15DC /* [CP] Check Pods Manifest.lock */,
				6C13147E291FE2FE00615298 /* Sources */,
				6C13147F291FE2FE00615298 /* Frameworks */,
				6C131480291FE2FE00615298 /* Resources */,
				A54EB70E19F2EA81D367DE3E /* [CP] Embed Pods Frameworks */,
			);
			buildRules = (
			);
			dependencies = (
			);
			name = CollectionViewMovieDemo;
			productName = CollectionViewMovieDemo;
			productReference = 6C131482291FE2FE00615298 /* CollectionViewMovieDemo.app */;
			productType = "com.apple.product-type.application";
		};
/* End PBXNativeTarget section */

/* Begin PBXProject section */
		6C13147A291FE2FE00615298 /* Project object */ = {
			isa = PBXProject;
			attributes = {
				BuildIndependentTargetsInParallel = 1;
				LastSwiftUpdateCheck = 1400;
				LastUpgradeCheck = 1400;
				TargetAttributes = {
					6C131481291FE2FE00615298 = {
						CreatedOnToolsVersion = 14.0.1;
					};
				};
			};
			buildConfigurationList = 6C13147D291FE2FE00615298 /* Build configuration list for PBXProject "CollectionViewMovieDemo" */;
			compatibilityVersion = "Xcode 13.0";
			developmentRegion = en;
			hasScannedForEncodings = 0;
			knownRegions = (
				en,
				Base,
			);
			mainGroup = 6C131479291FE2FE00615298;
			productRefGroup = 6C131483291FE2FE00615298 /* Products */;
			projectDirPath = "";
			projectRoot = "";
			targets = (
				6C131481291FE2FE00615298 /* CollectionViewMovieDemo */,
			);
		};
/* End PBXProject section */

/* Begin PBXResourcesBuildPhase section */
		6C131480291FE2FE00615298 /* Resources */ = {
			isa = PBXResourcesBuildPhase;
			buildActionMask = 2147483647;
			files = (
				6C131492291FE30000615298 /* LaunchScreen.storyboard in Resources */,
				6C13148F291FE30000615298 /* Assets.xcassets in Resources */,
				6C13148D291FE2FE00615298 /* Main.storyboard in Resources */,
			);
			runOnlyForDeploymentPostprocessing = 0;
		};
/* End PBXResourcesBuildPhase section */

/* Begin PBXShellScriptBuildPhase section */
		A54EB70E19F2EA81D367DE3E /* [CP] Embed Pods Frameworks */ = {
			isa = PBXShellScriptBuildPhase;
			buildActionMask = 2147483647;
			files = (
			);
			inputFileListPaths = (
				"${PODS_ROOT}/Target Support Files/Pods-CollectionViewMovieDemo/Pods-CollectionViewMovieDemo-frameworks-${CONFIGURATION}-input-files.xcfilelist",
			);
			name = "[CP] Embed Pods Frameworks";
			outputFileListPaths = (
				"${PODS_ROOT}/Target Support Files/Pods-CollectionViewMovieDemo/Pods-CollectionViewMovieDemo-frameworks-${CONFIGURATION}-output-files.xcfilelist",
			);
			runOnlyForDeploymentPostprocessing = 0;
			shellPath = /bin/sh;
			shellScript = "\"${PODS_ROOT}/Target Support Files/Pods-CollectionViewMovieDemo/Pods-CollectionViewMovieDemo-frameworks.sh\"\n";
			showEnvVarsInLog = 0;
		};
		BEB38CDE660895ABC68E15DC /* [CP] Check Pods Manifest.lock */ = {
			isa = PBXShellScriptBuildPhase;
			buildActionMask = 2147483647;
			files = (
			);
			inputFileListPaths = (
			);
			inputPaths = (
				"${PODS_PODFILE_DIR_PATH}/Podfile.lock",
				"${PODS_ROOT}/Manifest.lock",
			);
			name = "[CP] Check Pods Manifest.lock";
			outputFileListPaths = (
			);
			outputPaths = (
				"$(DERIVED_FILE_DIR)/Pods-CollectionViewMovieDemo-checkManifestLockResult.txt",
			);
			runOnlyForDeploymentPostprocessing = 0;
			shellPath = /bin/sh;
			shellScript = "diff \"${PODS_PODFILE_DIR_PATH}/Podfile.lock\" \"${PODS_ROOT}/Manifest.lock\" > /dev/null\nif [ $? != 0 ] ; then\n    # print error to STDERR\n    echo \"error: The sandbox is not in sync with the Podfile.lock. Run 'pod install' or update your CocoaPods installation.\" >&2\n    exit 1\nfi\n# This output is used by Xcode 'outputs' to avoid re-running this script phase.\necho \"SUCCESS\" > \"${SCRIPT_OUTPUT_FILE_0}\"\n";
			showEnvVarsInLog = 0;
		};
/* End PBXShellScriptBuildPhase section */

/* Begin PBXSourcesBuildPhase section */
		6C13147E291FE2FE00615298 /* Sources */ = {
			isa = PBXSourcesBuildPhase;
			buildActionMask = 2147483647;
			files = (
				6C220E3829215F6B00C0545F /* UIView+Extension.swift in Sources */,
				6CA89DED29243BF300489F09 /* ManagerRM.swift in Sources */,
				6C220E322921439800C0545F /* PopularMovie.swift in Sources */,
				6C220E36292154B000C0545F /* UrlTrailer.swift in Sources */,
				6C13148A291FE2FE00615298 /* MoviesViewController.swift in Sources */,
				6CA89DEB29243AE700489F09 /* PersonajesViewController.swift in Sources */,
				6C220E302921433600C0545F /* ManagerMovies.swift in Sources */,
				6CA89DEF29243C9A00489F09 /* Character.swift in Sources */,
				6C220E3D2921659D00C0545F /* VideoTrailerViewController.swift in Sources */,
				6C220E3B2921608C00C0545F /* UIButton+Extension.swift in Sources */,
				6C131486291FE2FE00615298 /* AppDelegate.swift in Sources */,
				6C13149E291FE50900615298 /* MovieCell.swift in Sources */,
				6CA89DF52924558E00489F09 /* DetailRMViewController.swift in Sources */,
				6CA89DF129244D3500489F09 /* CharacterCell.swift in Sources */,
				6C131488291FE2FE00615298 /* SceneDelegate.swift in Sources */,
				6C13149A291FE40A00615298 /* DetailViewController.swift in Sources */,
				6C13149C291FE48500615298 /* Movie.swift in Sources */,
				6C220E342921491A00C0545F /* Constants.swift in Sources */,
			);
			runOnlyForDeploymentPostprocessing = 0;
		};
/* End PBXSourcesBuildPhase section */

/* Begin PBXVariantGroup section */
		6C13148B291FE2FE00615298 /* Main.storyboard */ = {
			isa = PBXVariantGroup;
			children = (
				6C13148C291FE2FE00615298 /* Base */,
			);
			name = Main.storyboard;
			sourceTree = "<group>";
		};
		6C131490291FE30000615298 /* LaunchScreen.storyboard */ = {
			isa = PBXVariantGroup;
			children = (
				6C131491291FE30000615298 /* Base */,
			);
			name = LaunchScreen.storyboard;
			sourceTree = "<group>";
		};
/* End PBXVariantGroup section */

/* Begin XCBuildConfiguration section */
		6C131494291FE30000615298 /* Debug */ = {
			isa = XCBuildConfiguration;
			buildSettings = {
				ALWAYS_SEARCH_USER_PATHS = NO;
				CLANG_ANALYZER_NONNULL = YES;
				CLANG_ANALYZER_NUMBER_OBJECT_CONVERSION = YES_AGGRESSIVE;
				CLANG_CXX_LANGUAGE_STANDARD = "gnu++20";
				CLANG_ENABLE_MODULES = YES;
				CLANG_ENABLE_OBJC_ARC = YES;
				CLANG_ENABLE_OBJC_WEAK = YES;
				CLANG_WARN_BLOCK_CAPTURE_AUTORELEASING = YES;
				CLANG_WARN_BOOL_CONVERSION = YES;
				CLANG_WARN_COMMA = YES;
				CLANG_WARN_CONSTANT_CONVERSION = YES;
				CLANG_WARN_DEPRECATED_OBJC_IMPLEMENTATIONS = YES;
				CLANG_WARN_DIRECT_OBJC_ISA_USAGE = YES_ERROR;
				CLANG_WARN_DOCUMENTATION_COMMENTS = YES;
				CLANG_WARN_EMPTY_BODY = YES;
				CLANG_WARN_ENUM_CONVERSION = YES;
				CLANG_WARN_INFINITE_RECURSION = YES;
				CLANG_WARN_INT_CONVERSION = YES;
				CLANG_WARN_NON_LITERAL_NULL_CONVERSION = YES;
				CLANG_WARN_OBJC_IMPLICIT_RETAIN_SELF = YES;
				CLANG_WARN_OBJC_LITERAL_CONVERSION = YES;
				CLANG_WARN_OBJC_ROOT_CLASS = YES_ERROR;
				CLANG_WARN_QUOTED_INCLUDE_IN_FRAMEWORK_HEADER = YES;
				CLANG_WARN_RANGE_LOOP_ANALYSIS = YES;
				CLANG_WARN_STRICT_PROTOTYPES = YES;
				CLANG_WARN_SUSPICIOUS_MOVE = YES;
				CLANG_WARN_UNGUARDED_AVAILABILITY = YES_AGGRESSIVE;
				CLANG_WARN_UNREACHABLE_CODE = YES;
				CLANG_WARN__DUPLICATE_METHOD_MATCH = YES;
				COPY_PHASE_STRIP = NO;
				DEBUG_INFORMATION_FORMAT = dwarf;
				ENABLE_STRICT_OBJC_MSGSEND = YES;
				ENABLE_TESTABILITY = YES;
				GCC_C_LANGUAGE_STANDARD = gnu11;
				GCC_DYNAMIC_NO_PIC = NO;
				GCC_NO_COMMON_BLOCKS = YES;
				GCC_OPTIMIZATION_LEVEL = 0;
				GCC_PREPROCESSOR_DEFINITIONS = (
					"DEBUG=1",
					"$(inherited)",
				);
				GCC_WARN_64_TO_32_BIT_CONVERSION = YES;
				GCC_WARN_ABOUT_RETURN_TYPE = YES_ERROR;
				GCC_WARN_UNDECLARED_SELECTOR = YES;
				GCC_WARN_UNINITIALIZED_AUTOS = YES_AGGRESSIVE;
				GCC_WARN_UNUSED_FUNCTION = YES;
				GCC_WARN_UNUSED_VARIABLE = YES;
				IPHONEOS_DEPLOYMENT_TARGET = 16.0;
				MTL_ENABLE_DEBUG_INFO = INCLUDE_SOURCE;
				MTL_FAST_MATH = YES;
				ONLY_ACTIVE_ARCH = YES;
				SDKROOT = iphoneos;
				SWIFT_ACTIVE_COMPILATION_CONDITIONS = DEBUG;
				SWIFT_OPTIMIZATION_LEVEL = "-Onone";
			};
			name = Debug;
		};
		6C131495291FE30000615298 /* Release */ = {
			isa = XCBuildConfiguration;
			buildSettings = {
				ALWAYS_SEARCH_USER_PATHS = NO;
				CLANG_ANALYZER_NONNULL = YES;
				CLANG_ANALYZER_NUMBER_OBJECT_CONVERSION = YES_AGGRESSIVE;
				CLANG_CXX_LANGUAGE_STANDARD = "gnu++20";
				CLANG_ENABLE_MODULES = YES;
				CLANG_ENABLE_OBJC_ARC = YES;
				CLANG_ENABLE_OBJC_WEAK = YES;
				CLANG_WARN_BLOCK_CAPTURE_AUTORELEASING = YES;
				CLANG_WARN_BOOL_CONVERSION = YES;
				CLANG_WARN_COMMA = YES;
				CLANG_WARN_CONSTANT_CONVERSION = YES;
				CLANG_WARN_DEPRECATED_OBJC_IMPLEMENTATIONS = YES;
				CLANG_WARN_DIRECT_OBJC_ISA_USAGE = YES_ERROR;
				CLANG_WARN_DOCUMENTATION_COMMENTS = YES;
				CLANG_WARN_EMPTY_BODY = YES;
				CLANG_WARN_ENUM_CONVERSION = YES;
				CLANG_WARN_INFINITE_RECURSION = YES;
				CLANG_WARN_INT_CONVERSION = YES;
				CLANG_WARN_NON_LITERAL_NULL_CONVERSION = YES;
				CLANG_WARN_OBJC_IMPLICIT_RETAIN_SELF = YES;
				CLANG_WARN_OBJC_LITERAL_CONVERSION = YES;
				CLANG_WARN_OBJC_ROOT_CLASS = YES_ERROR;
				CLANG_WARN_QUOTED_INCLUDE_IN_FRAMEWORK_HEADER = YES;
				CLANG_WARN_RANGE_LOOP_ANALYSIS = YES;
				CLANG_WARN_STRICT_PROTOTYPES = YES;
				CLANG_WARN_SUSPICIOUS_MOVE = YES;
				CLANG_WARN_UNGUARDED_AVAILABILITY = YES_AGGRESSIVE;
				CLANG_WARN_UNREACHABLE_CODE = YES;
				CLANG_WARN__DUPLICATE_METHOD_MATCH = YES;
				COPY_PHASE_STRIP = NO;
				DEBUG_INFORMATION_FORMAT = "dwarf-with-dsym";
				ENABLE_NS_ASSERTIONS = NO;
				ENABLE_STRICT_OBJC_MSGSEND = YES;
				GCC_C_LANGUAGE_STANDARD = gnu11;
				GCC_NO_COMMON_BLOCKS = YES;
				GCC_WARN_64_TO_32_BIT_CONVERSION = YES;
				GCC_WARN_ABOUT_RETURN_TYPE = YES_ERROR;
				GCC_WARN_UNDECLARED_SELECTOR = YES;
				GCC_WARN_UNINITIALIZED_AUTOS = YES_AGGRESSIVE;
				GCC_WARN_UNUSED_FUNCTION = YES;
				GCC_WARN_UNUSED_VARIABLE = YES;
				IPHONEOS_DEPLOYMENT_TARGET = 16.0;
				MTL_ENABLE_DEBUG_INFO = NO;
				MTL_FAST_MATH = YES;
				SDKROOT = iphoneos;
				SWIFT_COMPILATION_MODE = wholemodule;
				SWIFT_OPTIMIZATION_LEVEL = "-O";
				VALIDATE_PRODUCT = YES;
			};
			name = Release;
		};
		6C131497291FE30000615298 /* Debug */ = {
			isa = XCBuildConfiguration;
			baseConfigurationReference = 81944E4E30047040E18C01C7 /* Pods-CollectionViewMovieDemo.debug.xcconfig */;
			buildSettings = {
				ASSETCATALOG_COMPILER_APPICON_NAME = AppIcon;
				ASSETCATALOG_COMPILER_GLOBAL_ACCENT_COLOR_NAME = AccentColor;
				CODE_SIGN_STYLE = Automatic;
				CURRENT_PROJECT_VERSION = 1;
				DEVELOPMENT_TEAM = HVAWJKDQKU;
				GENERATE_INFOPLIST_FILE = YES;
				INFOPLIST_FILE = CollectionViewMovieDemo/Info.plist;
				INFOPLIST_KEY_UIApplicationSupportsIndirectInputEvents = YES;
				INFOPLIST_KEY_UILaunchStoryboardName = LaunchScreen;
				INFOPLIST_KEY_UIMainStoryboardFile = Main;
				INFOPLIST_KEY_UISupportedInterfaceOrientations_iPad = "UIInterfaceOrientationPortrait UIInterfaceOrientationPortraitUpsideDown UIInterfaceOrientationLandscapeLeft UIInterfaceOrientationLandscapeRight";
				INFOPLIST_KEY_UISupportedInterfaceOrientations_iPhone = "UIInterfaceOrientationPortrait UIInterfaceOrientationLandscapeLeft UIInterfaceOrientationLandscapeRight";
				LD_RUNPATH_SEARCH_PATHS = (
					"$(inherited)",
					"@executable_path/Frameworks",
				);
				MARKETING_VERSION = 1.0;
				PRODUCT_BUNDLE_IDENTIFIER = com.rotadev.solutions.CollectionViewMovieDemoMovies;
				PRODUCT_NAME = "$(TARGET_NAME)";
				SWIFT_EMIT_LOC_STRINGS = YES;
				SWIFT_VERSION = 5.0;
				TARGETED_DEVICE_FAMILY = "1,2";
			};
			name = Debug;
		};
		6C131498291FE30000615298 /* Release */ = {
			isa = XCBuildConfiguration;
			baseConfigurationReference = 828793058E16619FA418415A /* Pods-CollectionViewMovieDemo.release.xcconfig */;
			buildSettings = {
				ASSETCATALOG_COMPILER_APPICON_NAME = AppIcon;
				ASSETCATALOG_COMPILER_GLOBAL_ACCENT_COLOR_NAME = AccentColor;
				CODE_SIGN_STYLE = Automatic;
				CURRENT_PROJECT_VERSION = 1;
				DEVELOPMENT_TEAM = HVAWJKDQKU;
				GENERATE_INFOPLIST_FILE = YES;
				INFOPLIST_FILE = CollectionViewMovieDemo/Info.plist;
				INFOPLIST_KEY_UIApplicationSupportsIndirectInputEvents = YES;
				INFOPLIST_KEY_UILaunchStoryboardName = LaunchScreen;
				INFOPLIST_KEY_UIMainStoryboardFile = Main;
				INFOPLIST_KEY_UISupportedInterfaceOrientations_iPad = "UIInterfaceOrientationPortrait UIInterfaceOrientationPortraitUpsideDown UIInterfaceOrientationLandscapeLeft UIInterfaceOrientationLandscapeRight";
				INFOPLIST_KEY_UISupportedInterfaceOrientations_iPhone = "UIInterfaceOrientationPortrait UIInterfaceOrientationLandscapeLeft UIInterfaceOrientationLandscapeRight";
				LD_RUNPATH_SEARCH_PATHS = (
					"$(inherited)",
					"@executable_path/Frameworks",
				);
				MARKETING_VERSION = 1.0;
				PRODUCT_BUNDLE_IDENTIFIER = com.rotadev.solutions.CollectionViewMovieDemoMovies;
				PRODUCT_NAME = "$(TARGET_NAME)";
				SWIFT_EMIT_LOC_STRINGS = YES;
				SWIFT_VERSION = 5.0;
				TARGETED_DEVICE_FAMILY = "1,2";
			};
			name = Release;
		};
/* End XCBuildConfiguration section */

/* Begin XCConfigurationList section */
		6C13147D291FE2FE00615298 /* Build configuration list for PBXProject "CollectionViewMovieDemo" */ = {
			isa = XCConfigurationList;
			buildConfigurations = (
				6C131494291FE30000615298 /* Debug */,
				6C131495291FE30000615298 /* Release */,
			);
			defaultConfigurationIsVisible = 0;
			defaultConfigurationName = Release;
		};
		6C131496291FE30000615298 /* Build configuration list for PBXNativeTarget "CollectionViewMovieDemo" */ = {
			isa = XCConfigurationList;
			buildConfigurations = (
				6C131497291FE30000615298 /* Debug */,
				6C131498291FE30000615298 /* Release */,
			);
			defaultConfigurationIsVisible = 0;
			defaultConfigurationName = Release;
		};
/* End XCConfigurationList section */
	};
	rootObject = 6C13147A291FE2FE00615298 /* Project object */;
}
